
Microsoft Visual Studio Solution File, Format Version 12.00
# Visual Studio Version 17
VisualStudioVersion = 17.3.32929.385
MinimumVisualStudioVersion = 10.0.40219.1
Project("{9A19103F-16F7-4668-BE54-9A1E7A4F7556}") = "Opalenica", "Opalenica\Opalenica.csproj", "{38F86C22-5EED-4C83-8475-86A6C03CAF7D}"
EndProject
Project("{2150E333-8FDC-42A3-9474-1A3956D46DE8}") = "Solution Items", "Solution Items", "{193AD8FF-EFB2-4DF3-AE89-ADDE1C67404B}"
	ProjectSection(SolutionItems) = preProject
		.editorconfig = .editorconfig
	EndProjectSection
EndProject
Project("{9A19103F-16F7-4668-BE54-9A1E7A4F7556}") = "Opalenica.Core", "Opalenica.Core\Opalenica.Core.csproj", "{DB212FED-43A4-4703-A6F1-F9243C36644E}"
EndProject
Project("{9A19103F-16F7-4668-BE54-9A1E7A4F7556}") = "Opalenica.Updater", "Opalenica.Updater\Opalenica.Updater.csproj", "{94186E5C-43A0-442B-9242-41D82FFBF55E}"
EndProject
Project("{9A19103F-16F7-4668-BE54-9A1E7A4F7556}") = "_OpalenicaUpdateCreator", "_OpalenicaUpdateCreator\_OpalenicaUpdateCreator.csproj", "{A81BD508-0F7D-4D2E-A7F1-D4D36FE0652F}"
EndProject
Project("{9A19103F-16F7-4668-BE54-9A1E7A4F7556}") = "Tests", "Tests\Tests.csproj", "{083A4FED-1D82-4F95-B14A-D9FBE356F562}"
EndProject
Project("{9A19103F-16F7-4668-BE54-9A1E7A4F7556}") = "Benchmarks", "Benchmarks\Benchmarks.csproj", "{0AFBFE22-EEB7-4215-AE22-239AEB8BC90D}"
EndProject
Project("{9A19103F-16F7-4668-BE54-9A1E7A4F7556}") = "Opalenica.Graphic.Drawing", "Opalenica.Graphics\Opalenica.Graphic.Drawing.csproj", "{14BEE2AD-2D21-4368-A2F0-EBF26B1704FC}"
EndProject
Project("{9A19103F-16F7-4668-BE54-9A1E7A4F7556}") = "Opalenica.Graphic.Base", "Opalenica.Graphics.Base\Opalenica.Graphic.Base.csproj", "{6C19BD1C-8B4B-44EF-BD56-CADB54016C6D}"
EndProject
Project("{FAE04EC0-301F-11D3-BF4B-00C04F79EFBC}") = "Opalenica.Graphic", "Opalenica.Graphic\Opalenica.Graphic.csproj", "{4C71B235-AF0B-4A48-817D-C2A034C071F5}"
EndProject
Global
	GlobalSection(SolutionConfigurationPlatforms) = preSolution
		Debug EFU|Any CPU = Debug EFU|Any CPU
		Debug|Any CPU = Debug|Any CPU
		Release|Any CPU = Release|Any CPU
	EndGlobalSection
	GlobalSection(ProjectConfigurationPlatforms) = postSolution
		{38F86C22-5EED-4C83-8475-86A6C03CAF7D}.Debug EFU|Any CPU.ActiveCfg = Debug EFU|Any CPU
		{38F86C22-5EED-4C83-8475-86A6C03CAF7D}.Debug EFU|Any CPU.Build.0 = Debug EFU|Any CPU
		{38F86C22-5EED-4C83-8475-86A6C03CAF7D}.Debug|Any CPU.ActiveCfg = Debug|Any CPU
		{38F86C22-5EED-4C83-8475-86A6C03CAF7D}.Debug|Any CPU.Build.0 = Debug|Any CPU
		{38F86C22-5EED-4C83-8475-86A6C03CAF7D}.Release|Any CPU.ActiveCfg = Release|Any CPU
		{38F86C22-5EED-4C83-8475-86A6C03CAF7D}.Release|Any CPU.Build.0 = Release|Any CPU
		{DB212FED-43A4-4703-A6F1-F9243C36644E}.Debug EFU|Any CPU.ActiveCfg = Debug EFU|Any CPU
		{DB212FED-43A4-4703-A6F1-F9243C36644E}.Debug EFU|Any CPU.Build.0 = Debug EFU|Any CPU
		{DB212FED-43A4-4703-A6F1-F9243C36644E}.Debug|Any CPU.ActiveCfg = Debug|Any CPU
		{DB212FED-43A4-4703-A6F1-F9243C36644E}.Debug|Any CPU.Build.0 = Debug|Any CPU
		{DB212FED-43A4-4703-A6F1-F9243C36644E}.Release|Any CPU.ActiveCfg = Release|Any CPU
		{DB212FED-43A4-4703-A6F1-F9243C36644E}.Release|Any CPU.Build.0 = Release|Any CPU
		{94186E5C-43A0-442B-9242-41D82FFBF55E}.Debug EFU|Any CPU.ActiveCfg = Debug EFU|Any CPU
		{94186E5C-43A0-442B-9242-41D82FFBF55E}.Debug EFU|Any CPU.Build.0 = Debug EFU|Any CPU
		{94186E5C-43A0-442B-9242-41D82FFBF55E}.Debug|Any CPU.ActiveCfg = Debug|Any CPU
		{94186E5C-43A0-442B-9242-41D82FFBF55E}.Debug|Any CPU.Build.0 = Debug|Any CPU
		{94186E5C-43A0-442B-9242-41D82FFBF55E}.Release|Any CPU.ActiveCfg = Release|Any CPU
		{94186E5C-43A0-442B-9242-41D82FFBF55E}.Release|Any CPU.Build.0 = Release|Any CPU
		{A81BD508-0F7D-4D2E-A7F1-D4D36FE0652F}.Debug EFU|Any CPU.ActiveCfg = Debug EFU|Any CPU
		{A81BD508-0F7D-4D2E-A7F1-D4D36FE0652F}.Debug EFU|Any CPU.Build.0 = Debug EFU|Any CPU
		{A81BD508-0F7D-4D2E-A7F1-D4D36FE0652F}.Debug|Any CPU.ActiveCfg = Debug|Any CPU
		{A81BD508-0F7D-4D2E-A7F1-D4D36FE0652F}.Debug|Any CPU.Build.0 = Debug|Any CPU
		{A81BD508-0F7D-4D2E-A7F1-D4D36FE0652F}.Release|Any CPU.ActiveCfg = Release|Any CPU
		{A81BD508-0F7D-4D2E-A7F1-D4D36FE0652F}.Release|Any CPU.Build.0 = Release|Any CPU
		{083A4FED-1D82-4F95-B14A-D9FBE356F562}.Debug EFU|Any CPU.ActiveCfg = Debug EFU|Any CPU
		{083A4FED-1D82-4F95-B14A-D9FBE356F562}.Debug EFU|Any CPU.Build.0 = Debug EFU|Any CPU
		{083A4FED-1D82-4F95-B14A-D9FBE356F562}.Debug|Any CPU.ActiveCfg = Debug|Any CPU
		{083A4FED-1D82-4F95-B14A-D9FBE356F562}.Debug|Any CPU.Build.0 = Debug|Any CPU
		{083A4FED-1D82-4F95-B14A-D9FBE356F562}.Release|Any CPU.ActiveCfg = Release|Any CPU
		{083A4FED-1D82-4F95-B14A-D9FBE356F562}.Release|Any CPU.Build.0 = Release|Any CPU
		{0AFBFE22-EEB7-4215-AE22-239AEB8BC90D}.Debug EFU|Any CPU.ActiveCfg = Debug EFU|Any CPU
		{0AFBFE22-EEB7-4215-AE22-239AEB8BC90D}.Debug EFU|Any CPU.Build.0 = Debug EFU|Any CPU
		{0AFBFE22-EEB7-4215-AE22-239AEB8BC90D}.Debug|Any CPU.ActiveCfg = Debug|Any CPU
		{0AFBFE22-EEB7-4215-AE22-239AEB8BC90D}.Debug|Any CPU.Build.0 = Debug|Any CPU
		{0AFBFE22-EEB7-4215-AE22-239AEB8BC90D}.Release|Any CPU.ActiveCfg = Release|Any CPU
		{0AFBFE22-EEB7-4215-AE22-239AEB8BC90D}.Release|Any CPU.Build.0 = Release|Any CPU
		{14BEE2AD-2D21-4368-A2F0-EBF26B1704FC}.Debug EFU|Any CPU.ActiveCfg = Debug|Any CPU
		{14BEE2AD-2D21-4368-A2F0-EBF26B1704FC}.Debug EFU|Any CPU.Build.0 = Debug|Any CPU
		{14BEE2AD-2D21-4368-A2F0-EBF26B1704FC}.Debug|Any CPU.ActiveCfg = Debug|Any CPU
		{14BEE2AD-2D21-4368-A2F0-EBF26B1704FC}.Debug|Any CPU.Build.0 = Debug|Any CPU
		{14BEE2AD-2D21-4368-A2F0-EBF26B1704FC}.Release|Any CPU.ActiveCfg = Release|Any CPU
		{14BEE2AD-2D21-4368-A2F0-EBF26B1704FC}.Release|Any CPU.Build.0 = Release|Any CPU
		{6C19BD1C-8B4B-44EF-BD56-CADB54016C6D}.Debug EFU|Any CPU.ActiveCfg = Debug|Any CPU
		{6C19BD1C-8B4B-44EF-BD56-CADB54016C6D}.Debug EFU|Any CPU.Build.0 = Debug|Any CPU
		{6C19BD1C-8B4B-44EF-BD56-CADB54016C6D}.Debug|Any CPU.ActiveCfg = Debug|Any CPU
		{6C19BD1C-8B4B-44EF-BD56-CADB54016C6D}.Debug|Any CPU.Build.0 = Debug|Any CPU
		{6C19BD1C-8B4B-44EF-BD56-CADB54016C6D}.Release|Any CPU.ActiveCfg = Release|Any CPU
		{6C19BD1C-8B4B-44EF-BD56-CADB54016C6D}.Release|Any CPU.Build.0 = Release|Any CPU
		{4C71B235-AF0B-4A48-817D-C2A034C071F5}.Debug EFU|Any CPU.ActiveCfg = Debug|Any CPU
		{4C71B235-AF0B-4A48-817D-C2A034C071F5}.Debug EFU|Any CPU.Build.0 = Debug|Any CPU
		{4C71B235-AF0B-4A48-817D-C2A034C071F5}.Debug|Any CPU.ActiveCfg = Debug|Any CPU
		{4C71B235-AF0B-4A48-817D-C2A034C071F5}.Debug|Any CPU.Build.0 = Debug|Any CPU
		{4C71B235-AF0B-4A48-817D-C2A034C071F5}.Release|Any CPU.ActiveCfg = Release|Any CPU
		{4C71B235-AF0B-4A48-817D-C2A034C071F5}.Release|Any CPU.Build.0 = Release|Any CPU
	EndGlobalSection
	GlobalSection(SolutionProperties) = preSolution
		HideSolutionNode = FALSE
	EndGlobalSection
	GlobalSection(ExtensibilityGlobals) = postSolution
		SolutionGuid = {A6A04855-F88A-4F79-B367-0CE84906DFAF}
	EndGlobalSection
EndGlobal
